
Microsoft Visual Studio Solution File, Format Version 12.00
# Visual Studio Version 16
VisualStudioVersion = 16.0.31205.134
MinimumVisualStudioVersion = 10.0.40219.1
Project("{FAE04EC0-301F-11D3-BF4B-00C04F79EFBC}") = "Blazor.ImageClient", "Blazor.ImageClient\Blazor.ImageClient.csproj", "{C57D8BFB-A2D3-4343-808A-19386E5719F0}"
EndProject
Global
	GlobalSection(SolutionConfigurationPlatforms) = preSolution
		Debug|Any CPU = Debug|Any CPU
		Release|Any CPU = Release|Any CPU
	EndGlobalSection
	GlobalSection(ProjectConfigurationPlatforms) = postSolution
		{C57D8BFB-A2D3-4343-808A-19386E5719F0}.Debug|Any CPU.ActiveCfg = Debug|Any CPU
		{C57D8BFB-A2D3-4343-808A-19386E5719F0}.Debug|Any CPU.Build.0 = Debug|Any CPU
		{C57D8BFB-A2D3-4343-808A-19386E5719F0}.Release|Any CPU.ActiveCfg = Release|Any CPU
		{C57D8BFB-A2D3-4343-808A-19386E5719F0}.Release|Any CPU.Build.0 = Release|Any CPU
	EndGlobalSection
	GlobalSection(SolutionProperties) = preSolution
		HideSolutionNode = FALSE
	EndGlobalSection
	GlobalSection(ExtensibilityGlobals) = postSolution
		SolutionGuid = {6B8D1AB3-1BBA-4B2F-A277-93EE3D884DEF}
	EndGlobalSection
EndGlobal
