
Microsoft Visual Studio Solution File, Format Version 12.00
# Visual Studio Version 16
VisualStudioVersion = 16.0.31205.134
MinimumVisualStudioVersion = 10.0.40219.1
Project("{9A19103F-16F7-4668-BE54-9A1E7A4F7556}") = "Blazor.ImageClient", "Blazor.ImageClient\Blazor.ImageClient.csproj", "{C57D8BFB-A2D3-4343-808A-19386E5719F0}"
EndProject
Project("{9A19103F-16F7-4668-BE54-9A1E7A4F7556}") = "Blazor.ImageServer", "Blazor.ImageServer\Blazor.ImageServer.csproj", "{D6E43AAF-7F0D-473B-8DF6-C5097F135892}"
EndProject
Project("{9A19103F-16F7-4668-BE54-9A1E7A4F7556}") = "Blazor.ImageSharedLibrary", "Blazor.ImageSharedLibrary\Blazor.ImageSharedLibrary.csproj", "{01F6904A-6F5E-49B4-96DF-1666FAD944EB}"
EndProject
Project("{9A19103F-16F7-4668-BE54-9A1E7A4F7556}") = "Blazor.ImageApi", "Blazor.ImageApi\Blazor.ImageApi.csproj", "{3929EE31-398D-4F22-9B48-11B68005EB20}"
EndProject
Project("{FAE04EC0-301F-11D3-BF4B-00C04F79EFBC}") = "Blazor.ImageTests", "Blazor.ImageTests\Blazor.ImageTests.csproj", "{82C12EAF-F2FA-4839-8F3A-A3546B2FA4F1}"
EndProject
Global
	GlobalSection(SolutionConfigurationPlatforms) = preSolution
		Debug|Any CPU = Debug|Any CPU
		Release|Any CPU = Release|Any CPU
	EndGlobalSection
	GlobalSection(ProjectConfigurationPlatforms) = postSolution
		{C57D8BFB-A2D3-4343-808A-19386E5719F0}.Debug|Any CPU.ActiveCfg = Debug|Any CPU
		{C57D8BFB-A2D3-4343-808A-19386E5719F0}.Debug|Any CPU.Build.0 = Debug|Any CPU
		{C57D8BFB-A2D3-4343-808A-19386E5719F0}.Release|Any CPU.ActiveCfg = Release|Any CPU
		{C57D8BFB-A2D3-4343-808A-19386E5719F0}.Release|Any CPU.Build.0 = Release|Any CPU
		{D6E43AAF-7F0D-473B-8DF6-C5097F135892}.Debug|Any CPU.ActiveCfg = Debug|Any CPU
		{D6E43AAF-7F0D-473B-8DF6-C5097F135892}.Debug|Any CPU.Build.0 = Debug|Any CPU
		{D6E43AAF-7F0D-473B-8DF6-C5097F135892}.Release|Any CPU.ActiveCfg = Release|Any CPU
		{D6E43AAF-7F0D-473B-8DF6-C5097F135892}.Release|Any CPU.Build.0 = Release|Any CPU
		{01F6904A-6F5E-49B4-96DF-1666FAD944EB}.Debug|Any CPU.ActiveCfg = Debug|Any CPU
		{01F6904A-6F5E-49B4-96DF-1666FAD944EB}.Debug|Any CPU.Build.0 = Debug|Any CPU
		{01F6904A-6F5E-49B4-96DF-1666FAD944EB}.Release|Any CPU.ActiveCfg = Release|Any CPU
		{01F6904A-6F5E-49B4-96DF-1666FAD944EB}.Release|Any CPU.Build.0 = Release|Any CPU
		{3929EE31-398D-4F22-9B48-11B68005EB20}.Debug|Any CPU.ActiveCfg = Debug|Any CPU
		{3929EE31-398D-4F22-9B48-11B68005EB20}.Debug|Any CPU.Build.0 = Debug|Any CPU
		{3929EE31-398D-4F22-9B48-11B68005EB20}.Release|Any CPU.ActiveCfg = Release|Any CPU
		{3929EE31-398D-4F22-9B48-11B68005EB20}.Release|Any CPU.Build.0 = Release|Any CPU
		{82C12EAF-F2FA-4839-8F3A-A3546B2FA4F1}.Debug|Any CPU.ActiveCfg = Debug|Any CPU
		{82C12EAF-F2FA-4839-8F3A-A3546B2FA4F1}.Debug|Any CPU.Build.0 = Debug|Any CPU
		{82C12EAF-F2FA-4839-8F3A-A3546B2FA4F1}.Release|Any CPU.ActiveCfg = Release|Any CPU
		{82C12EAF-F2FA-4839-8F3A-A3546B2FA4F1}.Release|Any CPU.Build.0 = Release|Any CPU
	EndGlobalSection
	GlobalSection(SolutionProperties) = preSolution
		HideSolutionNode = FALSE
	EndGlobalSection
	GlobalSection(ExtensibilityGlobals) = postSolution
		SolutionGuid = {6B8D1AB3-1BBA-4B2F-A277-93EE3D884DEF}
	EndGlobalSection
EndGlobal
